
Microsoft Visual Studio Solution File, Format Version 12.00
# Visual Studio Version 17
VisualStudioVersion = 17.9.34728.123
MinimumVisualStudioVersion = 10.0.40219.1
Project("{FAE04EC0-301F-11D3-BF4B-00C04F79EFBC}") = "TP_Gestion", "TP_Gestion\TP_Gestion.csproj", "{AEE6D086-2B0F-47EC-BB94-194E18B1C64E}"
EndProject
Global
	GlobalSection(SolutionConfigurationPlatforms) = preSolution
		Debug|Any CPU = Debug|Any CPU
		Release|Any CPU = Release|Any CPU
	EndGlobalSection
	GlobalSection(ProjectConfigurationPlatforms) = postSolution
		{AEE6D086-2B0F-47EC-BB94-194E18B1C64E}.Debug|Any CPU.ActiveCfg = Debug|Any CPU
		{AEE6D086-2B0F-47EC-BB94-194E18B1C64E}.Debug|Any CPU.Build.0 = Debug|Any CPU
		{AEE6D086-2B0F-47EC-BB94-194E18B1C64E}.Release|Any CPU.ActiveCfg = Release|Any CPU
		{AEE6D086-2B0F-47EC-BB94-194E18B1C64E}.Release|Any CPU.Build.0 = Release|Any CPU
	EndGlobalSection
	GlobalSection(SolutionProperties) = preSolution
		HideSolutionNode = FALSE
	EndGlobalSection
	GlobalSection(ExtensibilityGlobals) = postSolution
		SolutionGuid = {BF16F4B1-88EB-4079-90F8-F70ECE559A02}
	EndGlobalSection
EndGlobal
